{
    "_meta": {
        "hash": {
            "sha256": "cf42040d555ef28e8c106c8035a370c3df83c4affc76fa87266cf30a92591e36"
        },
        "pipfile-spec": 6,
        "requires": {},
        "sources": [
            {
                "name": "pypi",
                "url": "https://pypi.python.org/simple",
                "verify_ssl": true
            }
        ]
    },
    "default": {
        "asttokens": {
            "hashes": [
                "sha256:4622110b2a6f30b77e1473affaa97e711bc2f07d3f10848420ff1898edbe94f3",
                "sha256:6b0ac9e93fb0335014d382b8fa9b3afa7df546984258005da0b9e7095b3deb1c"
            ],
            "version": "==2.2.1"
        },
        "azure-cognitiveservices-nspkg": {
            "hashes": [
                "sha256:440a795b616ed393641c0604ae58de89021d8e2a65097ee041296bfdadb8e953",
                "sha256:9b594f563dbd4da68165985220f88ca2ec613a1b93a4728719b7601203df8d80",
                "sha256:d409a3bcf4bab08eea43590e13d11847a494e5d758759b03709558d849c5c94d"
            ],
            "version": "==3.0.1"
        },
        "azure-cognitiveservices-search-imagesearch": {
            "hashes": [
                "sha256:41fbbc1d2c416f3bef887e37972b045b39e89bbcb033a83f013dd116fa210afa",
                "sha256:8204b068c797b269502fcfcb75aad2038db75674e3a44ad457f9c5b7dc743b51"
            ],
            "index": "pypi",
            "version": "==1.0.0"
        },
        "azure-cognitiveservices-search-nspkg": {
            "hashes": [
                "sha256:0a803bb29516a95f1769e47d0f6942d29b0b2498959fc64bd211df6890988d3c",
                "sha256:3eff1d6516ddfde7ba683ecf8579d3261606f1de1983d29e23714b70e281044b",
                "sha256:4d6bd4fcddcee1940c6c476602daab710b77e998068b5c0935ffac9b64b8a061"
            ],
            "version": "==3.0.1"
        },
        "azure-common": {
            "hashes": [
                "sha256:4ac0cd3214e36b6a1b6a442686722a5d8cc449603aa833f3f0f40bda836704a3",
                "sha256:5c12d3dcf4ec20599ca6b0d3e09e86e146353d443e7fcc050c9a19c1f9df20ad"
            ],
            "version": "==1.1.28"
        },
        "azure-core": {
            "hashes": [
                "sha256:8e6602f322dc1070caf7e17754beb53b69ffa09df0f4786009a3107e9a00c793",
                "sha256:beb0fe88d1043d8457318e8fb841d9caa648211092eda213c16b376401f3710d"
            ],
            "markers": "python_version >= '3.7'",
            "version": "==1.29.2"
        },
        "azure-nspkg": {
            "hashes": [
                "sha256:1d0bbb2157cf57b1bef6c8c8e5b41133957364456c43b0a43599890023cca0a8",
                "sha256:31a060caca00ed1ebd369fc7fe01a56768c927e404ebc92268f4d9d636435e28",
                "sha256:e7d3cea6af63e667d87ba1ca4f8cd7cb4dfca678e4c55fc1cedb320760e39dd0"
            ],
            "version": "==3.0.2"
        },
        "backcall": {
            "hashes": [
                "sha256:5cbdbf27be5e7cfadb448baf0aa95508f91f2bbc6c6437cd9cd06e2a4c215e1e",
                "sha256:fbbce6a29f263178a1f7915c1940bde0ec2b2a967566fe1c65c1dfb7422bd255"
            ],
            "version": "==0.2.0"
        },
        "certifi": {
            "hashes": [
                "sha256:539cc1d13202e33ca466e88b2807e29f4c13049d6d87031a3c110744495cb082",
                "sha256:92d6037539857d8206b8f6ae472e8b77db8058fec5937a1ef3f54304089edbb9"
            ],
            "markers": "python_version >= '3.6'",
            "version": "==2023.7.22"
        },
        "chardet": {
            "hashes": [
                "sha256:84ab92ed1c4d4f16916e05906b6b75a6c0fb5db821cc65e70cbd64a3e2a5eaae",
                "sha256:fc323ffcaeaed0e0a02bf4d117757b98aed530d9ed4531e3e15460124c106691"
            ],
            "version": "==3.0.4"
        },
        "click": {
            "hashes": [
                "sha256:48ee849951919527a045bfe3bf7baa8a959c423134e1a5b98c05c20ba75a1cbd",
                "sha256:fa244bb30b3b5ee2cae3da8f55c9e5e0c0e86093306301fb418eb9dc40fbded5"
            ],
            "markers": "python_version >= '3.7'",
            "version": "==8.1.6"
        },
        "decorator": {
            "hashes": [
                "sha256:637996211036b6385ef91435e4fae22989472f9d571faba8927ba8253acbc330",
                "sha256:b8c3f85900b9dc423225913c5aace94729fe1fa9763b38939a95226f02d37186"
            ],
            "markers": "python_version >= '3.5'",
            "version": "==5.1.1"
        },
        "executing": {
            "hashes": [
                "sha256:0314a69e37426e3608aada02473b4161d4caf5a4b244d1d0c48072b8fee7bacc",
                "sha256:19da64c18d2d851112f09c287f8d3dbbdf725ab0e569077efb6cdcbd3497c107"
            ],
            "version": "==1.2.0"
        },
        "idna": {
            "hashes": [
                "sha256:c357b3f628cf53ae2c4c05627ecc484553142ca23264e593d327bcde5e9c3407",
                "sha256:ea8b7f6188e6fa117537c3df7da9fc686d485087abf6ac197f9c46432f7e4a3c"
            ],
            "version": "==2.8"
        },
        "ipykernel": {
            "hashes": [
                "sha256:0aeb7ec277ac42cc2b59ae3d08b10909b2ec161dc6908096210527162b53675d",
                "sha256:0fc0bf97920d454102168ec2008620066878848fcfca06c22b669696212e292f"
            ],
            "index": "pypi",
            "version": "==5.1.0"
        },
        "ipython": {
            "hashes": [
                "sha256:1d197b907b6ba441b692c48cf2a3a2de280dc0ac91a3405b39349a50272ca0a1",
                "sha256:248aca623f5c99a6635bc3857677b7320b9b8039f99f070ee0d20a5ca5a8e6bf"
            ],
            "markers": "python_version >= '3.9'",
            "version": "==8.14.0"
        },
        "isodate": {
            "hashes": [
                "sha256:0751eece944162659049d35f4f549ed815792b38793f07cf73381c1c87cbed96",
                "sha256:48c5881de7e8b0a0d648cb024c8062dc84e7b840ed81e864c7614fd3c127bde9"
            ],
            "version": "==0.6.1"
        },
        "jedi": {
            "hashes": [
                "sha256:bcf9894f1753969cbac8022a8c2eaee06bfa3724e4192470aaffe7eb6272b0c4",
                "sha256:cb8ce23fbccff0025e9386b5cf85e892f94c9b822378f8da49970471335ac64e"
            ],
            "markers": "python_version >= '3.6'",
            "version": "==0.19.0"
        },
        "joblib": {
            "hashes": [
                "sha256:92f865e621e17784e7955080b6d042489e3b8e294949cc44c6eac304f59772b1",
                "sha256:ef4331c65f239985f3f2220ecc87db222f08fd22097a3dd5698f693875f8cbb9"
            ],
            "markers": "python_version >= '3.7'",
            "version": "==1.3.2"
        },
        "jupyter-client": {
            "hashes": [
                "sha256:3af69921fe99617be1670399a0b857ad67275eefcfa291e2c81a160b7b650f5f",
                "sha256:7441af0c0672edc5d28035e92ba5e32fadcfa8a4e608a434c228836a89df6158"
            ],
            "markers": "python_version >= '3.8'",
            "version": "==8.3.0"
        },
        "jupyter-core": {
            "hashes": [
                "sha256:5ba5c7938a7f97a6b0481463f7ff0dbac7c15ba48cf46fa4035ca6e838aa1aba",
                "sha256:ae9036db959a71ec1cac33081eeb040a79e681f08ab68b0883e9a676c7a90dce"
            ],
            "markers": "python_version >= '3.8'",
            "version": "==5.3.1"
        },
        "matplotlib-inline": {
            "hashes": [
                "sha256:f1f41aab5328aa5aaea9b16d083b128102f8712542f819fe7e6a420ff581b311",
                "sha256:f887e5f10ba98e8d2b150ddcf4702c1e5f8b3a20005eb0f74bfdbd360ee6f304"
            ],
            "markers": "python_version >= '3.5'",
            "version": "==0.1.6"
        },
        "msrest": {
            "hashes": [
                "sha256:21120a810e1233e5e6cc7fe40b474eeb4ec6f757a15d7cf86702c369f9567c32",
                "sha256:6e7661f46f3afd88b75667b7187a92829924446c7ea1d169be8c4bb7eeb788b9"
            ],
            "markers": "python_version >= '3.6'",
            "version": "==0.7.1"
        },
        "nltk": {
            "hashes": [
                "sha256:0f8ff4e261c78605bca284e8d2025e562304766156af32a1731f56b396ee364b",
                "sha256:69470ba480ff4408e8ea82c530c8dc9571bab899f49d4571e8c8833e0916abd0"
            ],
            "index": "pypi",
            "version": "==3.6.6"
        },
        "oauthlib": {
            "hashes": [
                "sha256:8139f29aac13e25d502680e9e19963e83f16838d48a0d71c287fe40e7067fbca",
                "sha256:9859c40929662bec5d64f34d01c99e093149682a3f38915dc0655d5a633dd918"
            ],
            "markers": "python_version >= '3.6'",
            "version": "==3.2.2"
        },
        "parso": {
            "hashes": [
                "sha256:8c07be290bb59f03588915921e29e8a50002acaf2cdc5fa0e0114f91709fafa0",
                "sha256:c001d4636cd3aecdaf33cbb40aebb59b094be2a74c556778ef5576c175e19e75"
            ],
            "markers": "python_version >= '3.6'",
            "version": "==0.8.3"
        },
        "pexpect": {
            "hashes": [
                "sha256:0b48a55dcb3c05f3329815901ea4fc1537514d6ba867a152b581d69ae3710937",
                "sha256:fc65a43959d153d0114afe13997d439c22823a27cefceb5ff35c2178c6784c0c"
            ],
            "markers": "sys_platform != 'win32'",
            "version": "==4.8.0"
        },
        "pickleshare": {
            "hashes": [
                "sha256:87683d47965c1da65cdacaf31c8441d12b8044cdec9aca500cd78fc2c683afca",
                "sha256:9649af414d74d4df115d5d718f82acb59c9d418196b7b4290ed47a12ce62df56"
            ],
            "version": "==0.7.5"
        },
        "pillow": {
            "hashes": [
                "sha256:03150abd92771742d4a8cd6f2fa6246d847dcd2e332a18d0c15cc75bf6703040",
                "sha256:073adb2ae23431d3b9bcbcff3fe698b62ed47211d0716b067385538a1b0f28b8",
                "sha256:0b07fffc13f474264c336298d1b4ce01d9c5a011415b79d4ee5527bb69ae6f65",
                "sha256:0b7257127d646ff8676ec8a15520013a698d1fdc48bc2a79ba4e53df792526f2",
                "sha256:12ce4932caf2ddf3e41d17fc9c02d67126935a44b86df6a206cf0d7161548627",
                "sha256:15c42fb9dea42465dfd902fb0ecf584b8848ceb28b41ee2b58f866411be33f07",
                "sha256:18498994b29e1cf86d505edcb7edbe814d133d2232d256db8c7a8ceb34d18cef",
                "sha256:1c7c8ae3864846fc95f4611c78129301e203aaa2af813b703c55d10cc1628535",
                "sha256:22b012ea2d065fd163ca096f4e37e47cd8b59cf4b0fd47bfca6abb93df70b34c",
                "sha256:276a5ca930c913f714e372b2591a22c4bd3b81a418c0f6635ba832daec1cbcfc",
                "sha256:2e0918e03aa0c72ea56edbb00d4d664294815aa11291a11504a377ea018330d3",
                "sha256:3033fbe1feb1b59394615a1cafaee85e49d01b51d54de0cbf6aa8e64182518a1",
                "sha256:3168434d303babf495d4ba58fc22d6604f6e2afb97adc6a423e917dab828939c",
                "sha256:32a44128c4bdca7f31de5be641187367fe2a450ad83b833ef78910397db491aa",
                "sha256:3dd6caf940756101205dffc5367babf288a30043d35f80936f9bfb37f8355b32",
                "sha256:40e1ce476a7804b0fb74bcfa80b0a2206ea6a882938eaba917f7a0f004b42502",
                "sha256:41e0051336807468be450d52b8edd12ac60bebaa97fe10c8b660f116e50b30e4",
                "sha256:4390e9ce199fc1951fcfa65795f239a8a4944117b5935a9317fb320e7767b40f",
                "sha256:502526a2cbfa431d9fc2a079bdd9061a2397b842bb6bc4239bb176da00993812",
                "sha256:51e0e543a33ed92db9f5ef69a0356e0b1a7a6b6a71b80df99f1d181ae5875636",
                "sha256:57751894f6618fd4308ed8e0c36c333e2f5469744c34729a27532b3db106ee20",
                "sha256:5d77adcd56a42d00cc1be30843d3426aa4e660cab4a61021dc84467123f7a00c",
                "sha256:655a83b0058ba47c7c52e4e2df5ecf484c1b0b0349805896dd350cbc416bdd91",
                "sha256:68943d632f1f9e3dce98908e873b3a090f6cba1cbb1b892a9e8d97c938871fbe",
                "sha256:6c738585d7a9961d8c2821a1eb3dcb978d14e238be3d70f0a706f7fa9316946b",
                "sha256:73bd195e43f3fadecfc50c682f5055ec32ee2c933243cafbfdec69ab1aa87cad",
                "sha256:772a91fc0e03eaf922c63badeca75e91baa80fe2f5f87bdaed4280662aad25c9",
                "sha256:77ec3e7be99629898c9a6d24a09de089fa5356ee408cdffffe62d67bb75fdd72",
                "sha256:7db8b751ad307d7cf238f02101e8e36a128a6cb199326e867d1398067381bff4",
                "sha256:801ec82e4188e935c7f5e22e006d01611d6b41661bba9fe45b60e7ac1a8f84de",
                "sha256:82409ffe29d70fd733ff3c1025a602abb3e67405d41b9403b00b01debc4c9a29",
                "sha256:828989c45c245518065a110434246c44a56a8b2b2f6347d1409c787e6e4651ee",
                "sha256:829f97c8e258593b9daa80638aee3789b7df9da5cf1336035016d76f03b8860c",
                "sha256:871b72c3643e516db4ecf20efe735deb27fe30ca17800e661d769faab45a18d7",
                "sha256:89dca0ce00a2b49024df6325925555d406b14aa3efc2f752dbb5940c52c56b11",
                "sha256:90fb88843d3902fe7c9586d439d1e8c05258f41da473952aa8b328d8b907498c",
                "sha256:97aabc5c50312afa5e0a2b07c17d4ac5e865b250986f8afe2b02d772567a380c",
                "sha256:9aaa107275d8527e9d6e7670b64aabaaa36e5b6bd71a1015ddd21da0d4e06448",
                "sha256:9f47eabcd2ded7698106b05c2c338672d16a6f2a485e74481f524e2a23c2794b",
                "sha256:a0a06a052c5f37b4ed81c613a455a81f9a3a69429b4fd7bb913c3fa98abefc20",
                "sha256:ab388aaa3f6ce52ac1cb8e122c4bd46657c15905904b3120a6248b5b8b0bc228",
                "sha256:ad58d27a5b0262c0c19b47d54c5802db9b34d38bbf886665b626aff83c74bacd",
                "sha256:ae5331c23ce118c53b172fa64a4c037eb83c9165aba3a7ba9ddd3ec9fa64a699",
                "sha256:af0372acb5d3598f36ec0914deed2a63f6bcdb7b606da04dc19a88d31bf0c05b",
                "sha256:afa4107d1b306cdf8953edde0534562607fe8811b6c4d9a486298ad31de733b2",
                "sha256:b03ae6f1a1878233ac620c98f3459f79fd77c7e3c2b20d460284e1fb370557d4",
                "sha256:b0915e734b33a474d76c28e07292f196cdf2a590a0d25bcc06e64e545f2d146c",
                "sha256:b4012d06c846dc2b80651b120e2cdd787b013deb39c09f407727ba90015c684f",
                "sha256:b472b5ea442148d1c3e2209f20f1e0bb0eb556538690fa70b5e1f79fa0ba8dc2",
                "sha256:b59430236b8e58840a0dfb4099a0e8717ffb779c952426a69ae435ca1f57210c",
                "sha256:b90f7616ea170e92820775ed47e136208e04c967271c9ef615b6fbd08d9af0e3",
                "sha256:b9a65733d103311331875c1dca05cb4606997fd33d6acfed695b1232ba1df193",
                "sha256:bac18ab8d2d1e6b4ce25e3424f709aceef668347db8637c2296bcf41acb7cf48",
                "sha256:bca31dd6014cb8b0b2db1e46081b0ca7d936f856da3b39744aef499db5d84d02",
                "sha256:be55f8457cd1eac957af0c3f5ece7bc3f033f89b114ef30f710882717670b2a8",
                "sha256:c7025dce65566eb6e89f56c9509d4f628fddcedb131d9465cacd3d8bac337e7e",
                "sha256:c935a22a557a560108d780f9a0fc426dd7459940dc54faa49d83249c8d3e760f",
                "sha256:dbb8e7f2abee51cef77673be97760abff1674ed32847ce04b4af90f610144c7b",
                "sha256:e6ea6b856a74d560d9326c0f5895ef8050126acfdc7ca08ad703eb0081e82b74",
                "sha256:ebf2029c1f464c59b8bdbe5143c79fa2045a581ac53679733d3a91d400ff9efb",
                "sha256:f1ff2ee69f10f13a9596480335f406dd1f70c3650349e2be67ca3139280cade0"
            ],
            "index": "pypi",
            "version": "==9.3.0"
        },
        "platformdirs": {
            "hashes": [
                "sha256:b45696dab2d7cc691a3226759c0d3b00c47c8b6e293d96f6436f733303f77f6d",
                "sha256:d7c24979f292f916dc9cbf8648319032f551ea8c49a4c9bf2fb556a02070ec1d"
            ],
            "markers": "python_version >= '3.7'",
            "version": "==3.10.0"
        },
        "prompt-toolkit": {
            "hashes": [
                "sha256:04505ade687dc26dc4284b1ad19a83be2f2afe83e7a828ace0c72f3a1df72aac",
                "sha256:9dffbe1d8acf91e3de75f3b544e4842382fc06c6babe903ac9acb74dc6e08d88"
            ],
            "markers": "python_version >= '3.7'",
            "version": "==3.0.39"
        },
        "ptyprocess": {
            "hashes": [
                "sha256:4b41f3967fce3af57cc7e94b888626c18bf37a083e3651ca8feeb66d492fef35",
                "sha256:5c5d0a3b48ceee0b48485e0c26037c0acd7d29765ca3fbb5cb3831d347423220"
            ],
            "version": "==0.7.0"
        },
        "pure-eval": {
            "hashes": [
                "sha256:01eaab343580944bc56080ebe0a674b39ec44a945e6d09ba7db3cb8cec289350",
                "sha256:2b45320af6dfaa1750f543d714b6d1c520a1688dec6fd24d339063ce0aaa9ac3"
            ],
            "version": "==0.2.2"
        },
        "pygments": {
            "hashes": [
                "sha256:13fc09fa63bc8d8671a6d247e1eb303c4b343eaee81d861f3404db2935653692",
                "sha256:1daff0494820c69bc8941e407aa20f577374ee88364ee10a98fdbe0aece96e29"
            ],
            "markers": "python_version >= '3.7'",
            "version": "==2.16.1"
        },
        "python-dateutil": {
            "hashes": [
                "sha256:0123cacc1627ae19ddf3c27a5de5bd67ee4586fbdd6440d9748f8abb483d3e86",
                "sha256:961d03dc3453ebbc59dbdea9e4e11c5651520a876d0f4db161e8674aae935da9"
            ],
            "markers": "python_version >= '2.7' and python_version not in '3.0, 3.1, 3.2, 3.3'",
            "version": "==2.8.2"
        },
        "pyzmq": {
            "hashes": [
                "sha256:019e59ef5c5256a2c7378f2fb8560fc2a9ff1d315755204295b2eab96b254d0a",
                "sha256:034239843541ef7a1aee0c7b2cb7f6aafffb005ede965ae9cbd49d5ff4ff73cf",
                "sha256:03b3f49b57264909aacd0741892f2aecf2f51fb053e7d8ac6767f6c700832f45",
                "sha256:047a640f5c9c6ade7b1cc6680a0e28c9dd5a0825135acbd3569cc96ea00b2505",
                "sha256:04ccbed567171579ec2cebb9c8a3e30801723c575601f9a990ab25bcac6b51e2",
                "sha256:057e824b2aae50accc0f9a0570998adc021b372478a921506fddd6c02e60308e",
                "sha256:11baebdd5fc5b475d484195e49bae2dc64b94a5208f7c89954e9e354fc609d8f",
                "sha256:11c1d2aed9079c6b0c9550a7257a836b4a637feb334904610f06d70eb44c56d2",
                "sha256:11d58723d44d6ed4dd677c5615b2ffb19d5c426636345567d6af82be4dff8a55",
                "sha256:12720a53e61c3b99d87262294e2b375c915fea93c31fc2336898c26d7aed34cd",
                "sha256:17ef5f01d25b67ca8f98120d5fa1d21efe9611604e8eb03a5147360f517dd1e2",
                "sha256:18d43df3f2302d836f2a56f17e5663e398416e9dd74b205b179065e61f1a6edf",
                "sha256:1a5d26fe8f32f137e784f768143728438877d69a586ddeaad898558dc971a5ae",
                "sha256:1af379b33ef33757224da93e9da62e6471cf4a66d10078cf32bae8127d3d0d4a",
                "sha256:1ccf825981640b8c34ae54231b7ed00271822ea1c6d8ba1090ebd4943759abf5",
                "sha256:21eb4e609a154a57c520e3d5bfa0d97e49b6872ea057b7c85257b11e78068222",
                "sha256:2243700cc5548cff20963f0ca92d3e5e436394375ab8a354bbea2b12911b20b0",
                "sha256:255ca2b219f9e5a3a9ef3081512e1358bd4760ce77828e1028b818ff5610b87b",
                "sha256:259c22485b71abacdfa8bf79720cd7bcf4b9d128b30ea554f01ae71fdbfdaa23",
                "sha256:25f0e6b78220aba09815cd1f3a32b9c7cb3e02cb846d1cfc526b6595f6046618",
                "sha256:273bc3959bcbff3f48606b28229b4721716598d76b5aaea2b4a9d0ab454ec062",
                "sha256:292fe3fc5ad4a75bc8df0dfaee7d0babe8b1f4ceb596437213821f761b4589f9",
                "sha256:2ca57a5be0389f2a65e6d3bb2962a971688cbdd30b4c0bd188c99e39c234f414",
                "sha256:2d163a18819277e49911f7461567bda923461c50b19d169a062536fffe7cd9d2",
                "sha256:2d81f1ddae3858b8299d1da72dd7d19dd36aab654c19671aa8a7e7fb02f6638a",
                "sha256:2f957ce63d13c28730f7fd6b72333814221c84ca2421298f66e5143f81c9f91f",
                "sha256:330f9e188d0d89080cde66dc7470f57d1926ff2fb5576227f14d5be7ab30b9fa",
                "sha256:34c850ce7976d19ebe7b9d4b9bb8c9dfc7aac336c0958e2651b88cbd46682123",
                "sha256:35b5ab8c28978fbbb86ea54958cd89f5176ce747c1fb3d87356cf698048a7790",
                "sha256:3669cf8ee3520c2f13b2e0351c41fea919852b220988d2049249db10046a7afb",
                "sha256:381469297409c5adf9a0e884c5eb5186ed33137badcbbb0560b86e910a2f1e76",
                "sha256:3d0a409d3b28607cc427aa5c30a6f1e4452cc44e311f843e05edb28ab5e36da0",
                "sha256:44e58a0554b21fc662f2712814a746635ed668d0fbc98b7cb9d74cb798d202e6",
                "sha256:458dea649f2f02a0b244ae6aef8dc29325a2810aa26b07af8374dc2a9faf57e3",
                "sha256:48e466162a24daf86f6b5ca72444d2bf39a5e58da5f96370078be67c67adc978",
                "sha256:49d238cf4b69652257db66d0c623cd3e09b5d2e9576b56bc067a396133a00d4a",
                "sha256:4ca1ed0bb2d850aa8471387882247c68f1e62a4af0ce9c8a1dbe0d2bf69e41fb",
                "sha256:52533489f28d62eb1258a965f2aba28a82aa747202c8fa5a1c7a43b5db0e85c1",
                "sha256:548d6482dc8aadbe7e79d1b5806585c8120bafa1ef841167bc9090522b610fa6",
                "sha256:5619f3f5a4db5dbb572b095ea3cb5cc035335159d9da950830c9c4db2fbb6995",
                "sha256:57459b68e5cd85b0be8184382cefd91959cafe79ae019e6b1ae6e2ba8a12cda7",
                "sha256:5a34d2395073ef862b4032343cf0c32a712f3ab49d7ec4f42c9661e0294d106f",
                "sha256:61706a6b6c24bdece85ff177fec393545a3191eeda35b07aaa1458a027ad1304",
                "sha256:724c292bb26365659fc434e9567b3f1adbdb5e8d640c936ed901f49e03e5d32e",
                "sha256:73461eed88a88c866656e08f89299720a38cb4e9d34ae6bf5df6f71102570f2e",
                "sha256:76705c9325d72a81155bb6ab48d4312e0032bf045fb0754889133200f7a0d849",
                "sha256:76c1c8efb3ca3a1818b837aea423ff8a07bbf7aafe9f2f6582b61a0458b1a329",
                "sha256:77a41c26205d2353a4c94d02be51d6cbdf63c06fbc1295ea57dad7e2d3381b71",
                "sha256:79986f3b4af059777111409ee517da24a529bdbd46da578b33f25580adcff728",
                "sha256:7cff25c5b315e63b07a36f0c2bab32c58eafbe57d0dce61b614ef4c76058c115",
                "sha256:7f7e58effd14b641c5e4dec8c7dab02fb67a13df90329e61c869b9cc607ef752",
                "sha256:820c4a08195a681252f46926de10e29b6bbf3e17b30037bd4250d72dd3ddaab8",
                "sha256:87e34f31ca8f168c56d6fbf99692cc8d3b445abb5bfd08c229ae992d7547a92a",
                "sha256:8f03d3f0d01cb5a018debeb412441996a517b11c5c17ab2001aa0597c6d6882c",
                "sha256:90f26dc6d5f241ba358bef79be9ce06de58d477ca8485e3291675436d3827cf8",
                "sha256:955215ed0604dac5b01907424dfa28b40f2b2292d6493445dd34d0dfa72586a8",
                "sha256:985bbb1316192b98f32e25e7b9958088431d853ac63aca1d2c236f40afb17c83",
                "sha256:a382372898a07479bd34bda781008e4a954ed8750f17891e794521c3e21c2e1c",
                "sha256:a882ac0a351288dd18ecae3326b8a49d10c61a68b01419f3a0b9a306190baf69",
                "sha256:aa8d6cdc8b8aa19ceb319aaa2b660cdaccc533ec477eeb1309e2a291eaacc43a",
                "sha256:abc719161780932c4e11aaebb203be3d6acc6b38d2f26c0f523b5b59d2fc1996",
                "sha256:abf34e43c531bbb510ae7e8f5b2b1f2a8ab93219510e2b287a944432fad135f3",
                "sha256:ade6d25bb29c4555d718ac6d1443a7386595528c33d6b133b258f65f963bb0f6",
                "sha256:afea96f64efa98df4da6958bae37f1cbea7932c35878b185e5982821bc883369",
                "sha256:b1579413ae492b05de5a6174574f8c44c2b9b122a42015c5292afa4be2507f28",
                "sha256:b3451108ab861040754fa5208bca4a5496c65875710f76789a9ad27c801a0075",
                "sha256:b9af3757495c1ee3b5c4e945c1df7be95562277c6e5bccc20a39aec50f826cd0",
                "sha256:bc16ac425cc927d0a57d242589f87ee093884ea4804c05a13834d07c20db203c",
                "sha256:c2910967e6ab16bf6fbeb1f771c89a7050947221ae12a5b0b60f3bca2ee19bca",
                "sha256:c2b92812bd214018e50b6380ea3ac0c8bb01ac07fcc14c5f86a5bb25e74026e9",
                "sha256:c2f20ce161ebdb0091a10c9ca0372e023ce24980d0e1f810f519da6f79c60800",
                "sha256:c56d748ea50215abef7030c72b60dd723ed5b5c7e65e7bc2504e77843631c1a6",
                "sha256:c7c133e93b405eb0d36fa430c94185bdd13c36204a8635470cccc200723c13bb",
                "sha256:c9c6c9b2c2f80747a98f34ef491c4d7b1a8d4853937bb1492774992a120f475d",
                "sha256:cbc8df5c6a88ba5ae385d8930da02201165408dde8d8322072e3e5ddd4f68e22",
                "sha256:cff084c6933680d1f8b2f3b4ff5bbb88538a4aac00d199ac13f49d0698727ecb",
                "sha256:d2045d6d9439a0078f2a34b57c7b18c4a6aef0bee37f22e4ec9f32456c852c71",
                "sha256:d20a0ddb3e989e8807d83225a27e5c2eb2260eaa851532086e9e0fa0d5287d83",
                "sha256:d457aed310f2670f59cc5b57dcfced452aeeed77f9da2b9763616bd57e4dbaae",
                "sha256:d89528b4943d27029a2818f847c10c2cecc79fa9590f3cb1860459a5be7933eb",
                "sha256:db0b2af416ba735c6304c47f75d348f498b92952f5e3e8bff449336d2728795d",
                "sha256:deee9ca4727f53464daf089536e68b13e6104e84a37820a88b0a057b97bba2d2",
                "sha256:df27ffddff4190667d40de7beba4a950b5ce78fe28a7dcc41d6f8a700a80a3c0",
                "sha256:e0c95ddd4f6e9fca4e9e3afaa4f9df8552f0ba5d1004e89ef0a68e1f1f9807c7",
                "sha256:e1c1be77bc5fb77d923850f82e55a928f8638f64a61f00ff18a67c7404faf008",
                "sha256:e1ffa1c924e8c72778b9ccd386a7067cddf626884fd8277f503c48bb5f51c762",
                "sha256:e2400a94f7dd9cb20cd012951a0cbf8249e3d554c63a9c0cdfd5cbb6c01d2dec",
                "sha256:e61f091c3ba0c3578411ef505992d356a812fb200643eab27f4f70eed34a29ef",
                "sha256:e8a701123029cc240cea61dd2d16ad57cab4691804143ce80ecd9286b464d180",
                "sha256:eadbefd5e92ef8a345f0525b5cfd01cf4e4cc651a2cffb8f23c0dd184975d787",
                "sha256:f32260e556a983bc5c7ed588d04c942c9a8f9c2e99213fec11a031e316874c7e",
                "sha256:f8115e303280ba09f3898194791a153862cbf9eef722ad8f7f741987ee2a97c7",
                "sha256:fedbdc753827cf014c01dbbee9c3be17e5a208dcd1bf8641ce2cd29580d1f0d4"
            ],
            "markers": "python_version >= '3.6'",
            "version": "==25.1.1"
        },
        "regex": {
            "hashes": [
                "sha256:0085da0f6c6393428bf0d9c08d8b1874d805bb55e17cb1dfa5ddb7cfb11140bf",
                "sha256:06c57e14ac723b04458df5956cfb7e2d9caa6e9d353c0b4c7d5d54fcb1325c46",
                "sha256:09b7f4c66aa9d1522b06e31a54f15581c37286237208df1345108fcf4e050c18",
                "sha256:0c59122ceccb905a941fb23b087b8eafc5290bf983ebcb14d2301febcbe199c7",
                "sha256:1005c60ed7037be0d9dea1f9c53cc42f836188227366370867222bda4c3c6bd7",
                "sha256:14898830f0a0eb67cae2bbbc787c1a7d6e34ecc06fbd39d3af5fe29a4468e2c9",
                "sha256:14dc6f2d88192a67d708341f3085df6a4f5a0c7b03dec08d763ca2cd86e9f559",
                "sha256:1e7d84d64c84ad97bf06f3c8cb5e48941f135ace28f450d86af6b6512f1c9a71",
                "sha256:2162ae2eb8b079622176a81b65d486ba50b888271302190870b8cc488587d280",
                "sha256:22283c769a7b01c8ac355d5be0715bf6929b6267619505e289f792b01304d898",
                "sha256:239c3c2a339d3b3ddd51c2daef10874410917cd2b998f043c13e2084cb191684",
                "sha256:293352710172239bf579c90a9864d0df57340b6fd21272345222fb6371bf82b3",
                "sha256:2ae54a338191e1356253e7883d9d19f8679b6143703086245fb14d1f20196be9",
                "sha256:2e73e5243af12d9cd6a9d6a45a43570dbe2e5b1cdfc862f5ae2b031e44dd95a8",
                "sha256:2e9216e0d2cdce7dbc9be48cb3eacb962740a09b011a116fd7af8c832ab116ca",
                "sha256:3026cbcf11d79095a32d9a13bbc572a458727bd5b1ca332df4a79faecd45281c",
                "sha256:3611576aff55918af2697410ff0293d6071b7e00f4b09e005d614686ac4cd57c",
                "sha256:3ae646c35cb9f820491760ac62c25b6d6b496757fda2d51be429e0e7b67ae0ab",
                "sha256:3b8e6ea6be6d64104d8e9afc34c151926f8182f84e7ac290a93925c0db004bfd",
                "sha256:3d370ff652323c5307d9c8e4c62efd1956fb08051b0e9210212bc51168b4ff56",
                "sha256:3f7454aa427b8ab9101f3787eb178057c5250478e39b99540cfc2b889c7d0586",
                "sha256:40f029d73b10fac448c73d6eb33d57b34607f40116e9f6e9f0d32e9229b147d7",
                "sha256:423adfa872b4908843ac3e7a30f957f5d5282944b81ca0a3b8a7ccbbfaa06103",
                "sha256:4873ef92e03a4309b3ccd8281454801b291b689f6ad45ef8c3658b6fa761d7ac",
                "sha256:48c640b99213643d141550326f34f0502fedb1798adb3c9eb79650b1ecb2f177",
                "sha256:4ae594c66f4a7e1ea67232a0846649a7c94c188d6c071ac0210c3e86a5f92109",
                "sha256:4b694430b3f00eb02c594ff5a16db30e054c1b9589a043fe9174584c6efa8033",
                "sha256:51d8ea2a3a1a8fe4f67de21b8b93757005213e8ac3917567872f2865185fa7fb",
                "sha256:54de2619f5ea58474f2ac211ceea6b615af2d7e4306220d4f3fe690c91988a61",
                "sha256:551ad543fa19e94943c5b2cebc54c73353ffff08228ee5f3376bd27b3d5b9800",
                "sha256:5543c055d8ec7801901e1193a51570643d6a6ab8751b1f7dd9af71af467538bb",
                "sha256:5cd9cd7170459b9223c5e592ac036e0704bee765706445c353d96f2890e816c8",
                "sha256:5ec4b3f0aebbbe2fc0134ee30a791af522a92ad9f164858805a77442d7d18570",
                "sha256:67ecd894e56a0c6108ec5ab1d8fa8418ec0cff45844a855966b875d1039a2e34",
                "sha256:6ab2ed84bf0137927846b37e882745a827458689eb969028af8032b1b3dac78e",
                "sha256:704f63b774218207b8ccc6c47fcef5340741e5d839d11d606f70af93ee78e4d4",
                "sha256:7098c524ba9f20717a56a8d551d2ed491ea89cbf37e540759ed3b776a4f8d6eb",
                "sha256:7aed90a72fc3654fba9bc4b7f851571dcc368120432ad68b226bd593f3f6c0b7",
                "sha256:7ce606c14bb195b0e5108544b540e2c5faed6843367e4ab3deb5c6aa5e681208",
                "sha256:7eb95fe8222932c10d4436e7a6f7c99991e3fdd9f36c949eff16a69246dee2dc",
                "sha256:80b80b889cb767cc47f31d2b2f3dec2db8126fbcd0cff31b3925b4dc6609dcdb",
                "sha256:82cd0a69cd28f6cc3789cc6adeb1027f79526b1ab50b1f6062bbc3a0ccb2dbc3",
                "sha256:83215147121e15d5f3a45d99abeed9cf1fe16869d5c233b08c56cdf75f43a504",
                "sha256:88900f521c645f784260a8d346e12a1590f79e96403971241e64c3a265c8ecdb",
                "sha256:91129ff1bb0619bc1f4ad19485718cc623a2dc433dff95baadbf89405c7f6b57",
                "sha256:920974009fb37b20d32afcdf0227a2e707eb83fe418713f7a8b7de038b870d0b",
                "sha256:9233ac249b354c54146e392e8a451e465dd2d967fc773690811d3a8c240ac601",
                "sha256:941460db8fe3bd613db52f05259c9336f5a47ccae7d7def44cc277184030a116",
                "sha256:942f8b1f3b223638b02df7df79140646c03938d488fbfb771824f3d05fc083a8",
                "sha256:964b16dcc10c79a4a2be9f1273fcc2684a9eedb3906439720598029a797b46e6",
                "sha256:9691a549c19c22d26a4f3b948071e93517bdf86e41b81d8c6ac8a964bb71e5a6",
                "sha256:96979d753b1dc3b2169003e1854dc67bfc86edf93c01e84757927f810b8c3c93",
                "sha256:987b9ac04d0b38ef4f89fbc035e84a7efad9cdd5f1e29024f9289182c8d99e09",
                "sha256:988631b9d78b546e284478c2ec15c8a85960e262e247b35ca5eaf7ee22f6050a",
                "sha256:9a96edd79661e93327cfeac4edec72a4046e14550a1d22aa0dd2e3ca52aec921",
                "sha256:9b7408511fca48a82a119d78a77c2f5eb1b22fe88b0d2450ed0756d194fe7a9a",
                "sha256:9dd6082f4e2aec9b6a0927202c85bc1b09dcab113f97265127c1dc20e2e32495",
                "sha256:a2ad5add903eb7cdde2b7c64aaca405f3957ab34f16594d2b78d53b8b1a6a7d6",
                "sha256:a8c65c17aed7e15a0c824cdc63a6b104dfc530f6fa8cb6ac51c437af52b481c7",
                "sha256:aadf28046e77a72f30dcc1ab185639e8de7f4104b8cb5c6dfa5d8ed860e57236",
                "sha256:b076da1ed19dc37788f6a934c60adf97bd02c7eea461b73730513921a85d4235",
                "sha256:b2aeab3895d778155054abea5238d0eb9a72e9242bd4b43f42fd911ef9a13470",
                "sha256:b82edc98d107cbc7357da7a5a695901b47d6eb0420e587256ba3ad24b80b7d0b",
                "sha256:b8a0ccc8f2698f120e9e5742f4b38dc944c38744d4bdfc427616f3a163dd9de5",
                "sha256:b993b6f524d1e274a5062488a43e3f9f8764ee9745ccd8e8193df743dbe5ee61",
                "sha256:bb34d1605f96a245fc39790a117ac1bac8de84ab7691637b26ab2c5efb8f228c",
                "sha256:bd3366aceedf274f765a3a4bc95d6cd97b130d1dda524d8f25225d14123c01db",
                "sha256:c12f6f67495ea05c3d542d119d270007090bad5b843f642d418eb601ec0fa7be",
                "sha256:c662a4cbdd6280ee56f841f14620787215a171c4e2d1744c9528bed8f5816c96",
                "sha256:c884d1a59e69e03b93cf0dfee8794c63d7de0ee8f7ffb76e5f75be8131b6400a",
                "sha256:ca339088839582d01654e6f83a637a4b8194d0960477b9769d2ff2cfa0fa36d2",
                "sha256:cd2b6c5dfe0929b6c23dde9624483380b170b6e34ed79054ad131b20203a1a63",
                "sha256:ce0f9fbe7d295f9922c0424a3637b88c6c472b75eafeaff6f910494a1fa719ef",
                "sha256:cf0633e4a1b667bfe0bb10b5e53fe0d5f34a6243ea2530eb342491f1adf4f739",
                "sha256:cf9273e96f3ee2ac89ffcb17627a78f78e7516b08f94dc435844ae72576a276e",
                "sha256:d909b5a3fff619dc7e48b6b1bedc2f30ec43033ba7af32f936c10839e81b9217",
                "sha256:d9b6627408021452dcd0d2cdf8da0534e19d93d070bfa8b6b4176f99711e7f90",
                "sha256:de35342190deb7b866ad6ba5cbcccb2d22c0487ee0cbb251efef0843d705f0d4",
                "sha256:e51c80c168074faa793685656c38eb7a06cbad7774c8cbc3ea05552d615393d8",
                "sha256:e6bd1e9b95bc5614a7a9c9c44fde9539cba1c823b43a9f7bc11266446dd568e3",
                "sha256:e7a9aaa5a1267125eef22cef3b63484c3241aaec6f48949b366d26c7250e0357",
                "sha256:e951d1a8e9963ea51efd7f150450803e3b95db5939f994ad3d5edac2b6f6e2b4",
                "sha256:e9941a4ada58f6218694f382e43fdd256e97615db9da135e77359da257a7168b",
                "sha256:f0640913d2c1044d97e30d7c41728195fc37e54d190c5385eacb52115127b882",
                "sha256:f0ccf3e01afeb412a1a9993049cb160d0352dba635bbca7762b2dc722aa5742a",
                "sha256:f2181c20ef18747d5f4a7ea513e09ea03bdd50884a11ce46066bb90fe4213675",
                "sha256:f2200e00b62568cfd920127782c61bc1c546062a879cdc741cfcc6976668dfcf",
                "sha256:fcbdc5f2b0f1cd0f6a56cdb46fe41d2cce1e644e3b68832f3eeebc5fb0f7712e"
            ],
            "markers": "python_version >= '3.6'",
            "version": "==2023.8.8"
        },
        "requests": {
            "hashes": [
                "sha256:502a824f31acdacb3a35b6690b5fbf0bc41d63a24a45c4004352b0242707598e",
                "sha256:7bf2a778576d825600030a110f3c0e3e8edc51dfaafe1c146e39a2027784957b"
            ],
            "index": "pypi",
            "version": "==2.21.0"
        },
        "requests-oauthlib": {
            "hashes": [
                "sha256:2577c501a2fb8d05a304c09d090d6e47c306fef15809d102b327cf8364bddab5",
                "sha256:75beac4a47881eeb94d5ea5d6ad31ef88856affe2332b9aafb52c6452ccf0d7a"
            ],
            "markers": "python_version >= '2.7' and python_version not in '3.0, 3.1, 3.2, 3.3'",
            "version": "==1.3.1"
        },
        "six": {
            "hashes": [
                "sha256:1e61c37477a1626458e36f7b1d82aa5c9b094fa4802892072e49de9c60c4c926",
                "sha256:8abb2f1d86890a2dfb989f9a77cfcfd3e47c2a354b01111771326f8aa26e0254"
            ],
            "markers": "python_version >= '2.7' and python_version not in '3.0, 3.1, 3.2, 3.3'",
            "version": "==1.16.0"
        },
        "stack-data": {
            "hashes": [
                "sha256:32d2dd0376772d01b6cb9fc996f3c8b57a357089dec328ed4b6553d037eaf815",
                "sha256:cbb2a53eb64e5785878201a97ed7c7b94883f48b87bfb0bbe8b623c74679e4a8"
            ],
            "version": "==0.6.2"
        },
        "tornado": {
            "hashes": [
                "sha256:1bd19ca6c16882e4d37368e0152f99c099bad93e0950ce55e71daed74045908f",
                "sha256:22d3c2fa10b5793da13c807e6fc38ff49a4f6e1e3868b0a6f4164768bb8e20f5",
                "sha256:502fba735c84450974fec147340016ad928d29f1e91f49be168c0a4c18181e1d",
                "sha256:65ceca9500383fbdf33a98c0087cb975b2ef3bfb874cb35b8de8740cf7f41bd3",
                "sha256:71a8db65160a3c55d61839b7302a9a400074c9c753040455494e2af74e2501f2",
                "sha256:7ac51f42808cca9b3613f51ffe2a965c8525cb1b00b7b2d56828b8045354f76a",
                "sha256:7d01abc57ea0dbb51ddfed477dfe22719d376119844e33c661d873bf9c0e4a16",
                "sha256:805d507b1f588320c26f7f097108eb4023bbaa984d63176d1652e184ba24270a",
                "sha256:9dc4444c0defcd3929d5c1eb5706cbe1b116e762ff3e0deca8b715d14bf6ec17",
                "sha256:ceb917a50cd35882b57600709dd5421a418c29ddc852da8bcdab1f0db33406b0",
                "sha256:e7d8db41c0181c80d76c982aacc442c0783a2c54d6400fe028954201a2e032fe"
            ],
            "index": "pypi",
            "version": "==6.3.3"
        },
        "tqdm": {
            "hashes": [
                "sha256:d302b3c5b53d47bce91fea46679d9c3c6508cf6332229aa1e7d8653723793386",
                "sha256:d88e651f9db8d8551a62556d3cff9e3034274ca5d66e93197cf2490e2dcb69c7"
            ],
            "markers": "python_version >= '3.7'",
            "version": "==4.66.1"
        },
        "traitlets": {
            "hashes": [
                "sha256:9e6ec080259b9a5940c797d58b613b5e31441c2257b87c2e795c5228ae80d2d8",
                "sha256:f6cde21a9c68cf756af02035f72d5a723bf607e862e7be33ece505abf4a3bad9"
            ],
            "markers": "python_version >= '3.7'",
            "version": "==5.9.0"
        },
        "typing-extensions": {
            "hashes": [
                "sha256:440d5dd3af93b060174bf433bccd69b0babc3b15b1a8dca43789fd7f61514b36",
                "sha256:b75ddc264f0ba5615db7ba217daeb99701ad295353c45f9e95963337ceeeffb2"
            ],
            "markers": "python_version >= '3.7'",
            "version": "==4.7.1"
        },
        "urllib3": {
            "hashes": [
                "sha256:2393a695cd12afedd0dcb26fe5d50d0cf248e5a66f75dbd89a3d4eb333a61af4",
                "sha256:a637e5fae88995b256e3409dc4d52c2e2e0ba32c42a6365fee8bbd2238de3cfb"
            ],
            "markers": "python_version >= '2.7' and python_version not in '3.0, 3.1, 3.2, 3.3' and python_version < '4'",
            "version": "==1.24.3"
        },
        "wcwidth": {
            "hashes": [
                "sha256:795b138f6875577cd91bba52baf9e445cd5118fd32723b460e30a0af30ea230e",
                "sha256:a5220780a404dbe3353789870978e472cfe477761f06ee55077256e509b156d0"
            ],
            "version": "==0.2.6"
        }
    },
    "develop": {}
}
